
Microsoft Visual Studio Solution File, Format Version 12.00
# Visual Studio Version 17
VisualStudioVersion = 17.12.35707.178 d17.12
MinimumVisualStudioVersion = 10.0.40219.1
Project("{FAE04EC0-301F-11D3-BF4B-00C04F79EFBC}") = "VMT-LesleyCaicedo", "VMT-LesleyCaicedo\VMT-LesleyCaicedo.csproj", "{D8F05345-2578-4D03-B75F-D215CB866693}"
EndProject
Project("{FAE04EC0-301F-11D3-BF4B-00C04F79EFBC}") = "BusinessLayer", "BusinessLayer\BusinessLayer.csproj", "{A4B2245A-B79B-4CB8-9C45-55C5BB3F8B15}"
EndProject
Project("{FAE04EC0-301F-11D3-BF4B-00C04F79EFBC}") = "DataLayer", "DataLayer\DataLayer.csproj", "{46BAF135-6BA7-408F-805E-63F673063690}"
EndProject
Project("{FAE04EC0-301F-11D3-BF4B-00C04F79EFBC}") = "EntityLayer", "EntityLayer\EntityLayer.csproj", "{C0E195BD-FC66-4BF0-B33C-6B0429E8FF48}"
EndProject
Global
	GlobalSection(SolutionConfigurationPlatforms) = preSolution
		Debug|Any CPU = Debug|Any CPU
		Release|Any CPU = Release|Any CPU
	EndGlobalSection
	GlobalSection(ProjectConfigurationPlatforms) = postSolution
		{D8F05345-2578-4D03-B75F-D215CB866693}.Debug|Any CPU.ActiveCfg = Debug|Any CPU
		{D8F05345-2578-4D03-B75F-D215CB866693}.Debug|Any CPU.Build.0 = Debug|Any CPU
		{D8F05345-2578-4D03-B75F-D215CB866693}.Release|Any CPU.ActiveCfg = Release|Any CPU
		{D8F05345-2578-4D03-B75F-D215CB866693}.Release|Any CPU.Build.0 = Release|Any CPU
		{A4B2245A-B79B-4CB8-9C45-55C5BB3F8B15}.Debug|Any CPU.ActiveCfg = Debug|Any CPU
		{A4B2245A-B79B-4CB8-9C45-55C5BB3F8B15}.Debug|Any CPU.Build.0 = Debug|Any CPU
		{A4B2245A-B79B-4CB8-9C45-55C5BB3F8B15}.Release|Any CPU.ActiveCfg = Release|Any CPU
		{A4B2245A-B79B-4CB8-9C45-55C5BB3F8B15}.Release|Any CPU.Build.0 = Release|Any CPU
		{46BAF135-6BA7-408F-805E-63F673063690}.Debug|Any CPU.ActiveCfg = Debug|Any CPU
		{46BAF135-6BA7-408F-805E-63F673063690}.Debug|Any CPU.Build.0 = Debug|Any CPU
		{46BAF135-6BA7-408F-805E-63F673063690}.Release|Any CPU.ActiveCfg = Release|Any CPU
		{46BAF135-6BA7-408F-805E-63F673063690}.Release|Any CPU.Build.0 = Release|Any CPU
		{C0E195BD-FC66-4BF0-B33C-6B0429E8FF48}.Debug|Any CPU.ActiveCfg = Debug|Any CPU
		{C0E195BD-FC66-4BF0-B33C-6B0429E8FF48}.Debug|Any CPU.Build.0 = Debug|Any CPU
		{C0E195BD-FC66-4BF0-B33C-6B0429E8FF48}.Release|Any CPU.ActiveCfg = Release|Any CPU
		{C0E195BD-FC66-4BF0-B33C-6B0429E8FF48}.Release|Any CPU.Build.0 = Release|Any CPU
	EndGlobalSection
	GlobalSection(SolutionProperties) = preSolution
		HideSolutionNode = FALSE
	EndGlobalSection
EndGlobal
